dependencies:
- name: ovms
  repository: file://subchart/ovms
  version: 1.0.1-rc.1
- name: app
  repository: file://subchart/app
  version: 1.0.1-rc.1
- name: metrics-service
  repository: file://subchart/metrics-service
  version: 1.0.1-rc.1
- name: collector
  repository: file://subchart/collector
  version: 1.0.1-rc.1
digest: sha256:f510b67fb132fb9f7561eb3de38e25290536481ad3197f7f6c3a1d2cc979c7c1
generated: "2026-03-25T18:14:46.665412536+05:30"
