dependencies:
- name: frigate
  repository: file://subchart/frigate
  version: 1.2.0
- name: nvr-event-router
  repository: file://subchart/nvr-event-router
  version: 1.2.0
- name: nvr-event-router-ui
  repository: file://subchart/nvr-event-router-ui
  version: 1.2.0
- name: mqtt-broker
  repository: file://subchart/mqtt-broker
  version: 1.2.0
- name: redis
  repository: file://subchart/redis
  version: 1.2.0
digest: sha256:86292191d6d7acd69f2f5023645d0a3ddb2d6021802f704746c25a1c7c7f1cb1
generated: "2025-10-28T11:03:23.173905375+05:30"
