dependencies:
- name: shared
  repository: file://subchart/shared
  version: 1.0.0
- name: init-resources
  repository: file://subchart/init-resources
  version: 1.0.0
- name: nginx
  repository: file://subchart/nginx
  version: 1.0.0
- name: vss-ui
  repository: file://subchart/vss-ui
  version: 1.0.0
- name: pipeline-manager
  repository: file://subchart/pipeline-manager
  version: 1.0.0
- name: postgres-service
  repository: file://subchart/postgres-service
  version: 1.0.0
- name: minio-service
  repository: file://subchart/minio-service
  version: 1.0.0
- name: vdms-vector-db
  repository: file://subchart/vdms-vector-db
  version: 1.0.0
- name: multimodal-embedding-serving
  repository: file://subchart/multimodal-embedding-serving
  version: 1.0.0
- name: multimodal-dataprep
  repository: file://subchart/multimodal-dataprep
  version: 1.0.0
- name: vector-retriever
  repository: file://subchart/vector-retriever
  version: 1.0.0
- name: milvus-standalone
  repository: file://subchart/milvus-standalone
  version: 1.0.0
- name: video-search
  repository: file://subchart/video-search
  version: 1.0.0
- name: mqtt-broker
  repository: file://subchart/mqtt-broker
  version: 1.0.0
- name: redis
  repository: file://subchart/redis
  version: 1.0.0
- name: frigate-vms
  repository: file://subchart/frigate-vms
  version: 1.0.0
- name: nvr-event-router
  repository: file://subchart/nvr-event-router
  version: 1.0.0
- name: rtsp-test
  repository: file://subchart/rtsp-test
  version: 1.0.0
- name: metrics-manager
  repository: file://subchart/metrics-manager
  version: 1.0.0
digest: sha256:41b8ef830b344822bc6141af7ed034a810547686f4fedbddcc2f823bdb5259d2
generated: "2026-07-30T13:25:51.468844061+05:30"
